
Microsoft Visual Studio Solution File, Format Version 12.00
# Visual Studio Version 16
VisualStudioVersion = 16.0.32106.194
MinimumVisualStudioVersion = 10.0.40219.1
Project("{FAE04EC0-301F-11D3-BF4B-00C04F79EFBC}") = "DateTimePickerTest", "DateTimePickerTest\DateTimePickerTest.csproj", "{806CE77D-788D-4473-8DDD-77E9A9936CF1}"
EndProject
Global
	GlobalSection(SolutionConfigurationPlatforms) = preSolution
		Debug|Any CPU = Debug|Any CPU
		Release|Any CPU = Release|Any CPU
	EndGlobalSection
	GlobalSection(ProjectConfigurationPlatforms) = postSolution
		{806CE77D-788D-4473-8DDD-77E9A9936CF1}.Debug|Any CPU.ActiveCfg = Debug|Any CPU
		{806CE77D-788D-4473-8DDD-77E9A9936CF1}.Debug|Any CPU.Build.0 = Debug|Any CPU
		{806CE77D-788D-4473-8DDD-77E9A9936CF1}.Release|Any CPU.ActiveCfg = Release|Any CPU
		{806CE77D-788D-4473-8DDD-77E9A9936CF1}.Release|Any CPU.Build.0 = Release|Any CPU
	EndGlobalSection
	GlobalSection(SolutionProperties) = preSolution
		HideSolutionNode = FALSE
	EndGlobalSection
	GlobalSection(ExtensibilityGlobals) = postSolution
		SolutionGuid = {809302BC-A997-42EE-91A1-E4A898268B59}
	EndGlobalSection
EndGlobal
