
Microsoft Visual Studio Solution File, Format Version 12.00
# Visual Studio Version 16
VisualStudioVersion = 16.0.32106.194
MinimumVisualStudioVersion = 10.0.40219.1
Project("{FAE04EC0-301F-11D3-BF4B-00C04F79EFBC}") = "CheckedListBoxTest", "CheckedListBoxTest\CheckedListBoxTest.csproj", "{AF7703D0-7E0A-4943-A8FA-218F74F943B6}"
EndProject
Global
	GlobalSection(SolutionConfigurationPlatforms) = preSolution
		Debug|Any CPU = Debug|Any CPU
		Release|Any CPU = Release|Any CPU
	EndGlobalSection
	GlobalSection(ProjectConfigurationPlatforms) = postSolution
		{AF7703D0-7E0A-4943-A8FA-218F74F943B6}.Debug|Any CPU.ActiveCfg = Debug|Any CPU
		{AF7703D0-7E0A-4943-A8FA-218F74F943B6}.Debug|Any CPU.Build.0 = Debug|Any CPU
		{AF7703D0-7E0A-4943-A8FA-218F74F943B6}.Release|Any CPU.ActiveCfg = Release|Any CPU
		{AF7703D0-7E0A-4943-A8FA-218F74F943B6}.Release|Any CPU.Build.0 = Release|Any CPU
	EndGlobalSection
	GlobalSection(SolutionProperties) = preSolution
		HideSolutionNode = FALSE
	EndGlobalSection
	GlobalSection(ExtensibilityGlobals) = postSolution
		SolutionGuid = {6B50E141-8C93-44E1-A2DE-B29E44F2E6D2}
	EndGlobalSection
EndGlobal
