
Microsoft Visual Studio Solution File, Format Version 12.00
# Visual Studio Version 16
VisualStudioVersion = 16.0.32106.194
MinimumVisualStudioVersion = 10.0.40219.1
Project("{FAE04EC0-301F-11D3-BF4B-00C04F79EFBC}") = "MenuTest", "MenuTest\MenuTest.csproj", "{10097AD7-5288-43CC-8B4E-7FC3BAD852CE}"
EndProject
Global
	GlobalSection(SolutionConfigurationPlatforms) = preSolution
		Debug|Any CPU = Debug|Any CPU
		Release|Any CPU = Release|Any CPU
	EndGlobalSection
	GlobalSection(ProjectConfigurationPlatforms) = postSolution
		{10097AD7-5288-43CC-8B4E-7FC3BAD852CE}.Debug|Any CPU.ActiveCfg = Debug|Any CPU
		{10097AD7-5288-43CC-8B4E-7FC3BAD852CE}.Debug|Any CPU.Build.0 = Debug|Any CPU
		{10097AD7-5288-43CC-8B4E-7FC3BAD852CE}.Release|Any CPU.ActiveCfg = Release|Any CPU
		{10097AD7-5288-43CC-8B4E-7FC3BAD852CE}.Release|Any CPU.Build.0 = Release|Any CPU
	EndGlobalSection
	GlobalSection(SolutionProperties) = preSolution
		HideSolutionNode = FALSE
	EndGlobalSection
	GlobalSection(ExtensibilityGlobals) = postSolution
		SolutionGuid = {68FAB2FF-35C9-4FA2-8E35-24E0DEB9FEC4}
	EndGlobalSection
EndGlobal
