
Microsoft Visual Studio Solution File, Format Version 12.00
# Visual Studio Version 16
VisualStudioVersion = 16.0.32106.194
MinimumVisualStudioVersion = 10.0.40219.1
Project("{FAE04EC0-301F-11D3-BF4B-00C04F79EFBC}") = "TreeViewDirectoryStructure", "TreeViewDirectoryStructure\TreeViewDirectoryStructure.csproj", "{7F5357C7-BC14-4CC7-BA49-81F97EE4C2F9}"
EndProject
Global
	GlobalSection(SolutionConfigurationPlatforms) = preSolution
		Debug|Any CPU = Debug|Any CPU
		Release|Any CPU = Release|Any CPU
	EndGlobalSection
	GlobalSection(ProjectConfigurationPlatforms) = postSolution
		{7F5357C7-BC14-4CC7-BA49-81F97EE4C2F9}.Debug|Any CPU.ActiveCfg = Debug|Any CPU
		{7F5357C7-BC14-4CC7-BA49-81F97EE4C2F9}.Debug|Any CPU.Build.0 = Debug|Any CPU
		{7F5357C7-BC14-4CC7-BA49-81F97EE4C2F9}.Release|Any CPU.ActiveCfg = Release|Any CPU
		{7F5357C7-BC14-4CC7-BA49-81F97EE4C2F9}.Release|Any CPU.Build.0 = Release|Any CPU
	EndGlobalSection
	GlobalSection(SolutionProperties) = preSolution
		HideSolutionNode = FALSE
	EndGlobalSection
	GlobalSection(ExtensibilityGlobals) = postSolution
		SolutionGuid = {C7224417-8C8E-4B0B-BA8A-FB8F08D56242}
	EndGlobalSection
EndGlobal
